
Microsoft Visual Studio Solution File, Format Version 12.00
# Visual Studio 2013
VisualStudioVersion = 12.0.31101.0
MinimumVisualStudioVersion = 10.0.40219.1
Project("{FAE04EC0-301F-11D3-BF4B-00C04F79EFBC}") = "ElasticSearch", "ElasticSearch\ElasticSearch.csproj", "{8192A5BA-0BD9-4AD4-BC95-AE90026DCDE2}"
EndProject
Project("{2150E333-8FDC-42A3-9474-1A3956D46DE8}") = ".nuget", ".nuget", "{797987F8-1B09-4361-808C-77D07A2AADBD}"
	ProjectSection(SolutionItems) = preProject
		.nuget\NuGet.Config = .nuget\NuGet.Config
		.nuget\NuGet.exe = .nuget\NuGet.exe
		.nuget\NuGet.targets = .nuget\NuGet.targets
	EndProjectSection
EndProject
Project("{FAE04EC0-301F-11D3-BF4B-00C04F79EFBC}") = "QueueWebjob.Test", "WebJob.Test\QueueWebjob.Test.csproj", "{5AEDEBFF-57C5-4E8D-8D06-049C1053DD30}"
EndProject
Project("{FAE04EC0-301F-11D3-BF4B-00C04F79EFBC}") = "MessageHandleApi", "MessageHandleApi\MessageHandleApi.csproj", "{99CBE051-B241-4E14-A301-A879CA9394AE}"
EndProject
Project("{FAE04EC0-301F-11D3-BF4B-00C04F79EFBC}") = "QueueWebjob", "QueueWebjob\QueueWebjob.csproj", "{09AE4726-EC3C-415B-BFCB-A825BC586593}"
EndProject
Project("{FAE04EC0-301F-11D3-BF4B-00C04F79EFBC}") = "MessageHandleApi.Test", "MessageHandleApi.Test\MessageHandleApi.Test.csproj", "{AFE27D1B-18DB-440E-AA86-CDA1653C7BB2}"
EndProject
Project("{FAE04EC0-301F-11D3-BF4B-00C04F79EFBC}") = "DoucumentDB", "doucumentDB\DoucumentDB.csproj", "{76D97633-2A4A-4AA2-A8DC-68FA436FE737}"
EndProject
Project("{FAE04EC0-301F-11D3-BF4B-00C04F79EFBC}") = "LMSqueue", "LMSqueue\LMSqueue.csproj", "{82F8E72D-E80D-480E-89E1-EDD0D311AB0A}"
EndProject
Project("{FAE04EC0-301F-11D3-BF4B-00C04F79EFBC}") = "WebApi", "WebApi\WebApi.csproj", "{A93E01BC-5512-44A8-911E-209CE46B17E7}"
EndProject
Project("{FAE04EC0-301F-11D3-BF4B-00C04F79EFBC}") = "eventHub", "eventHub\eventHub.csproj", "{8474EAF4-7AEE-49F2-B692-09F4CCDB55CA}"
EndProject
Project("{CC5FD16D-436D-48AD-A40C-5A424C6E3E79}") = "CollectionProcessor", "CollectionProcessor\CollectionProcessor.ccproj", "{9ECBD33E-C6A0-47DA-87F8-E6BD3BA063FE}"
EndProject
Project("{FAE04EC0-301F-11D3-BF4B-00C04F79EFBC}") = "CheckRole", "checkRole\CheckRole.csproj", "{6234865B-4F12-43AA-AAA0-B8933E7E2843}"
EndProject
Project("{2150E333-8FDC-42A3-9474-1A3956D46DE8}") = "LMS", "LMS", "{4FACE67F-0884-4284-B6A7-FAEC07DAEB1B}"
EndProject
Project("{2150E333-8FDC-42A3-9474-1A3956D46DE8}") = "Collection", "Collection", "{50CFB7BB-9DD8-4459-B002-6ECEC08DD052}"
EndProject
Project("{2150E333-8FDC-42A3-9474-1A3956D46DE8}") = "EventHub", "EventHub", "{3BE70F54-41ED-4925-AA8D-120EAD0C026E}"
EndProject
Project("{2150E333-8FDC-42A3-9474-1A3956D46DE8}") = "Firebase", "Firebase", "{1E319EF3-181C-4FF8-B6EF-D0EFABF69320}"
EndProject
Project("{CC5FD16D-436D-48AD-A40C-5A424C6E3E79}") = "ChatBackupProcessor", "ChatBackupProcessor\ChatBackupProcessor.ccproj", "{A7D59000-0B55-462B-A6C7-7A65763F6EB3}"
EndProject
Project("{FAE04EC0-301F-11D3-BF4B-00C04F79EFBC}") = "FirebaseRole", "FirebaseRole\FirebaseRole.csproj", "{419549F8-7988-4F0B-B385-7753561ED627}"
EndProject
Project("{2150E333-8FDC-42A3-9474-1A3956D46DE8}") = "Api", "Api", "{71251ECA-D475-497A-8333-3BC9A3B8CE57}"
EndProject
Project("{2150E333-8FDC-42A3-9474-1A3956D46DE8}") = "Storage", "Storage", "{3AD134C2-74BA-4B63-98AA-3BAEDAC6DDB0}"
EndProject
Project("{CC5FD16D-436D-48AD-A40C-5A424C6E3E79}") = "PostBackupProcessor", "PostBackupProcessor\PostBackupProcessor.ccproj", "{D295E80F-F775-495D-A58F-E9704428AC7D}"
EndProject
Project("{FAE04EC0-301F-11D3-BF4B-00C04F79EFBC}") = "StorageRole", "StorageRole\StorageRole.csproj", "{A512780F-5382-4C44-9939-B7357E5195EA}"
EndProject
Project("{CC5FD16D-436D-48AD-A40C-5A424C6E3E79}") = "EventHubProcessor", "EventHubProcessor\EventHubProcessor.ccproj", "{F45AE03C-2BC2-4141-AE84-5A5E76134395}"
EndProject
Project("{FAE04EC0-301F-11D3-BF4B-00C04F79EFBC}") = "EventRole", "EventRole\EventRole.csproj", "{C66FC61E-CC85-429F-B81F-2E95B4930CED}"
EndProject
Project("{2150E333-8FDC-42A3-9474-1A3956D46DE8}") = "Webjob", "Webjob", "{94939850-5E34-4FA4-A605-19418E888291}"
EndProject
Project("{2150E333-8FDC-42A3-9474-1A3956D46DE8}") = "AzureCloudService", "AzureCloudService", "{88E53CBB-33B7-4EBD-A001-1FAADE8F24AF}"
EndProject
Project("{FAE04EC0-301F-11D3-BF4B-00C04F79EFBC}") = "LMS.Common", "LMS.Common\LMS.Common.csproj", "{41FF630B-BD0B-4322-A312-E0780EB82AD5}"
EndProject
Global
	GlobalSection(SolutionConfigurationPlatforms) = preSolution
		Debug|Any CPU = Debug|Any CPU
		Release|Any CPU = Release|Any CPU
	EndGlobalSection
	GlobalSection(ProjectConfigurationPlatforms) = postSolution
		{8192A5BA-0BD9-4AD4-BC95-AE90026DCDE2}.Debug|Any CPU.ActiveCfg = Debug|Any CPU
		{8192A5BA-0BD9-4AD4-BC95-AE90026DCDE2}.Debug|Any CPU.Build.0 = Debug|Any CPU
		{8192A5BA-0BD9-4AD4-BC95-AE90026DCDE2}.Release|Any CPU.ActiveCfg = Release|Any CPU
		{8192A5BA-0BD9-4AD4-BC95-AE90026DCDE2}.Release|Any CPU.Build.0 = Release|Any CPU
		{5AEDEBFF-57C5-4E8D-8D06-049C1053DD30}.Debug|Any CPU.ActiveCfg = Debug|Any CPU
		{5AEDEBFF-57C5-4E8D-8D06-049C1053DD30}.Debug|Any CPU.Build.0 = Debug|Any CPU
		{5AEDEBFF-57C5-4E8D-8D06-049C1053DD30}.Release|Any CPU.ActiveCfg = Release|Any CPU
		{5AEDEBFF-57C5-4E8D-8D06-049C1053DD30}.Release|Any CPU.Build.0 = Release|Any CPU
		{99CBE051-B241-4E14-A301-A879CA9394AE}.Debug|Any CPU.ActiveCfg = Debug|Any CPU
		{99CBE051-B241-4E14-A301-A879CA9394AE}.Debug|Any CPU.Build.0 = Debug|Any CPU
		{99CBE051-B241-4E14-A301-A879CA9394AE}.Release|Any CPU.ActiveCfg = Release|Any CPU
		{99CBE051-B241-4E14-A301-A879CA9394AE}.Release|Any CPU.Build.0 = Release|Any CPU
		{09AE4726-EC3C-415B-BFCB-A825BC586593}.Debug|Any CPU.ActiveCfg = Debug|Any CPU
		{09AE4726-EC3C-415B-BFCB-A825BC586593}.Debug|Any CPU.Build.0 = Debug|Any CPU
		{09AE4726-EC3C-415B-BFCB-A825BC586593}.Release|Any CPU.ActiveCfg = Release|Any CPU
		{09AE4726-EC3C-415B-BFCB-A825BC586593}.Release|Any CPU.Build.0 = Release|Any CPU
		{AFE27D1B-18DB-440E-AA86-CDA1653C7BB2}.Debug|Any CPU.ActiveCfg = Debug|Any CPU
		{AFE27D1B-18DB-440E-AA86-CDA1653C7BB2}.Debug|Any CPU.Build.0 = Debug|Any CPU
		{AFE27D1B-18DB-440E-AA86-CDA1653C7BB2}.Release|Any CPU.ActiveCfg = Release|Any CPU
		{AFE27D1B-18DB-440E-AA86-CDA1653C7BB2}.Release|Any CPU.Build.0 = Release|Any CPU
		{76D97633-2A4A-4AA2-A8DC-68FA436FE737}.Debug|Any CPU.ActiveCfg = Debug|Any CPU
		{76D97633-2A4A-4AA2-A8DC-68FA436FE737}.Debug|Any CPU.Build.0 = Debug|Any CPU
		{76D97633-2A4A-4AA2-A8DC-68FA436FE737}.Release|Any CPU.ActiveCfg = Release|Any CPU
		{76D97633-2A4A-4AA2-A8DC-68FA436FE737}.Release|Any CPU.Build.0 = Release|Any CPU
		{82F8E72D-E80D-480E-89E1-EDD0D311AB0A}.Debug|Any CPU.ActiveCfg = Debug|Any CPU
		{82F8E72D-E80D-480E-89E1-EDD0D311AB0A}.Debug|Any CPU.Build.0 = Debug|Any CPU
		{82F8E72D-E80D-480E-89E1-EDD0D311AB0A}.Release|Any CPU.ActiveCfg = Release|Any CPU
		{82F8E72D-E80D-480E-89E1-EDD0D311AB0A}.Release|Any CPU.Build.0 = Release|Any CPU
		{A93E01BC-5512-44A8-911E-209CE46B17E7}.Debug|Any CPU.ActiveCfg = Debug|Any CPU
		{A93E01BC-5512-44A8-911E-209CE46B17E7}.Debug|Any CPU.Build.0 = Debug|Any CPU
		{A93E01BC-5512-44A8-911E-209CE46B17E7}.Release|Any CPU.ActiveCfg = Release|Any CPU
		{A93E01BC-5512-44A8-911E-209CE46B17E7}.Release|Any CPU.Build.0 = Release|Any CPU
		{8474EAF4-7AEE-49F2-B692-09F4CCDB55CA}.Debug|Any CPU.ActiveCfg = Debug|Any CPU
		{8474EAF4-7AEE-49F2-B692-09F4CCDB55CA}.Debug|Any CPU.Build.0 = Debug|Any CPU
		{8474EAF4-7AEE-49F2-B692-09F4CCDB55CA}.Release|Any CPU.ActiveCfg = Release|Any CPU
		{8474EAF4-7AEE-49F2-B692-09F4CCDB55CA}.Release|Any CPU.Build.0 = Release|Any CPU
		{9ECBD33E-C6A0-47DA-87F8-E6BD3BA063FE}.Debug|Any CPU.ActiveCfg = Debug|Any CPU
		{9ECBD33E-C6A0-47DA-87F8-E6BD3BA063FE}.Debug|Any CPU.Build.0 = Debug|Any CPU
		{9ECBD33E-C6A0-47DA-87F8-E6BD3BA063FE}.Release|Any CPU.ActiveCfg = Release|Any CPU
		{9ECBD33E-C6A0-47DA-87F8-E6BD3BA063FE}.Release|Any CPU.Build.0 = Release|Any CPU
		{6234865B-4F12-43AA-AAA0-B8933E7E2843}.Debug|Any CPU.ActiveCfg = Debug|Any CPU
		{6234865B-4F12-43AA-AAA0-B8933E7E2843}.Debug|Any CPU.Build.0 = Debug|Any CPU
		{6234865B-4F12-43AA-AAA0-B8933E7E2843}.Release|Any CPU.ActiveCfg = Release|Any CPU
		{6234865B-4F12-43AA-AAA0-B8933E7E2843}.Release|Any CPU.Build.0 = Release|Any CPU
		{A7D59000-0B55-462B-A6C7-7A65763F6EB3}.Debug|Any CPU.ActiveCfg = Debug|Any CPU
		{A7D59000-0B55-462B-A6C7-7A65763F6EB3}.Debug|Any CPU.Build.0 = Debug|Any CPU
		{A7D59000-0B55-462B-A6C7-7A65763F6EB3}.Release|Any CPU.ActiveCfg = Release|Any CPU
		{A7D59000-0B55-462B-A6C7-7A65763F6EB3}.Release|Any CPU.Build.0 = Release|Any CPU
		{419549F8-7988-4F0B-B385-7753561ED627}.Debug|Any CPU.ActiveCfg = Debug|Any CPU
		{419549F8-7988-4F0B-B385-7753561ED627}.Debug|Any CPU.Build.0 = Debug|Any CPU
		{419549F8-7988-4F0B-B385-7753561ED627}.Release|Any CPU.ActiveCfg = Release|Any CPU
		{419549F8-7988-4F0B-B385-7753561ED627}.Release|Any CPU.Build.0 = Release|Any CPU
		{D295E80F-F775-495D-A58F-E9704428AC7D}.Debug|Any CPU.ActiveCfg = Debug|Any CPU
		{D295E80F-F775-495D-A58F-E9704428AC7D}.Debug|Any CPU.Build.0 = Debug|Any CPU
		{D295E80F-F775-495D-A58F-E9704428AC7D}.Release|Any CPU.ActiveCfg = Release|Any CPU
		{D295E80F-F775-495D-A58F-E9704428AC7D}.Release|Any CPU.Build.0 = Release|Any CPU
		{A512780F-5382-4C44-9939-B7357E5195EA}.Debug|Any CPU.ActiveCfg = Debug|Any CPU
		{A512780F-5382-4C44-9939-B7357E5195EA}.Debug|Any CPU.Build.0 = Debug|Any CPU
		{A512780F-5382-4C44-9939-B7357E5195EA}.Release|Any CPU.ActiveCfg = Release|Any CPU
		{A512780F-5382-4C44-9939-B7357E5195EA}.Release|Any CPU.Build.0 = Release|Any CPU
		{F45AE03C-2BC2-4141-AE84-5A5E76134395}.Debug|Any CPU.ActiveCfg = Debug|Any CPU
		{F45AE03C-2BC2-4141-AE84-5A5E76134395}.Debug|Any CPU.Build.0 = Debug|Any CPU
		{F45AE03C-2BC2-4141-AE84-5A5E76134395}.Release|Any CPU.ActiveCfg = Release|Any CPU
		{F45AE03C-2BC2-4141-AE84-5A5E76134395}.Release|Any CPU.Build.0 = Release|Any CPU
		{C66FC61E-CC85-429F-B81F-2E95B4930CED}.Debug|Any CPU.ActiveCfg = Debug|Any CPU
		{C66FC61E-CC85-429F-B81F-2E95B4930CED}.Debug|Any CPU.Build.0 = Debug|Any CPU
		{C66FC61E-CC85-429F-B81F-2E95B4930CED}.Release|Any CPU.ActiveCfg = Release|Any CPU
		{C66FC61E-CC85-429F-B81F-2E95B4930CED}.Release|Any CPU.Build.0 = Release|Any CPU
		{41FF630B-BD0B-4322-A312-E0780EB82AD5}.Debug|Any CPU.ActiveCfg = Debug|Any CPU
		{41FF630B-BD0B-4322-A312-E0780EB82AD5}.Debug|Any CPU.Build.0 = Debug|Any CPU
		{41FF630B-BD0B-4322-A312-E0780EB82AD5}.Release|Any CPU.ActiveCfg = Release|Any CPU
		{41FF630B-BD0B-4322-A312-E0780EB82AD5}.Release|Any CPU.Build.0 = Release|Any CPU
	EndGlobalSection
	GlobalSection(SolutionProperties) = preSolution
		HideSolutionNode = FALSE
	EndGlobalSection
	GlobalSection(NestedProjects) = preSolution
		{5AEDEBFF-57C5-4E8D-8D06-049C1053DD30} = {94939850-5E34-4FA4-A605-19418E888291}
		{99CBE051-B241-4E14-A301-A879CA9394AE} = {71251ECA-D475-497A-8333-3BC9A3B8CE57}
		{09AE4726-EC3C-415B-BFCB-A825BC586593} = {94939850-5E34-4FA4-A605-19418E888291}
		{AFE27D1B-18DB-440E-AA86-CDA1653C7BB2} = {71251ECA-D475-497A-8333-3BC9A3B8CE57}
		{82F8E72D-E80D-480E-89E1-EDD0D311AB0A} = {94939850-5E34-4FA4-A605-19418E888291}
		{9ECBD33E-C6A0-47DA-87F8-E6BD3BA063FE} = {50CFB7BB-9DD8-4459-B002-6ECEC08DD052}
		{6234865B-4F12-43AA-AAA0-B8933E7E2843} = {50CFB7BB-9DD8-4459-B002-6ECEC08DD052}
		{50CFB7BB-9DD8-4459-B002-6ECEC08DD052} = {88E53CBB-33B7-4EBD-A001-1FAADE8F24AF}
		{3BE70F54-41ED-4925-AA8D-120EAD0C026E} = {88E53CBB-33B7-4EBD-A001-1FAADE8F24AF}
		{1E319EF3-181C-4FF8-B6EF-D0EFABF69320} = {88E53CBB-33B7-4EBD-A001-1FAADE8F24AF}
		{A7D59000-0B55-462B-A6C7-7A65763F6EB3} = {1E319EF3-181C-4FF8-B6EF-D0EFABF69320}
		{419549F8-7988-4F0B-B385-7753561ED627} = {1E319EF3-181C-4FF8-B6EF-D0EFABF69320}
		{71251ECA-D475-497A-8333-3BC9A3B8CE57} = {4FACE67F-0884-4284-B6A7-FAEC07DAEB1B}
		{3AD134C2-74BA-4B63-98AA-3BAEDAC6DDB0} = {88E53CBB-33B7-4EBD-A001-1FAADE8F24AF}
		{D295E80F-F775-495D-A58F-E9704428AC7D} = {3AD134C2-74BA-4B63-98AA-3BAEDAC6DDB0}
		{A512780F-5382-4C44-9939-B7357E5195EA} = {3AD134C2-74BA-4B63-98AA-3BAEDAC6DDB0}
		{F45AE03C-2BC2-4141-AE84-5A5E76134395} = {3BE70F54-41ED-4925-AA8D-120EAD0C026E}
		{C66FC61E-CC85-429F-B81F-2E95B4930CED} = {3BE70F54-41ED-4925-AA8D-120EAD0C026E}
		{94939850-5E34-4FA4-A605-19418E888291} = {71251ECA-D475-497A-8333-3BC9A3B8CE57}
		{41FF630B-BD0B-4322-A312-E0780EB82AD5} = {4FACE67F-0884-4284-B6A7-FAEC07DAEB1B}
	EndGlobalSection
	GlobalSection(ExtensibilityGlobals) = postSolution
		EnterpriseLibraryConfigurationToolBinariesPath = packages\TransientFaultHandling.Core.5.1.1209.1\lib\NET4;packages\Unity.2.1.505.0\lib\NET35;packages\Unity.Interception.2.1.505.0\lib\NET35;packages\EnterpriseLibrary.Common.5.0.505.0\lib\NET35;packages\EnterpriseLibrary.WindowsAzure.TransientFaultHandling.5.1.1212.0\lib\NET4;packages\EnterpriseLibrary.WindowsAzure.TransientFaultHandling.5.1.1212.0\DesignTime;packages\EnterpriseLibrary.WindowsAzure.TransientFaultHandling.5.0.1118.0\lib\NET4;packages\EnterpriseLibrary.WindowsAzure.TransientFaultHandling.5.0.1118.0\DesignTime;packages\EnterpriseLibrary.WindowsAzure.Configuration.5.0.1118.2\lib\NET4;packages\EnterpriseLibrary.WindowsAzure.Configuration.5.0.1118.2\DesignTime;packages\TransientFaultHandling.Core.5.1.1209.0\lib\NET4
		EnterpriseLibraryConfigurationToolBinariesPathV6 = packages\EnterpriseLibrary.TransientFaultHandling.6.0.1304.0\lib\portable-net45+win+wp8;packages\EnterpriseLibrary.TransientFaultHandling.WindowsAzure.Storage.6.0.1304.0\lib\NET45
	EndGlobalSection
EndGlobal
